// !$*UTF8*$!
{
	archiveVersion = 1;
	classes = {
	};
	objectVersion = 77;
	objects = {

/* Begin PBXContainerItemProxy section */
		CB3921453051C74D009A9247 /* PBXContainerItemProxy */ = {
			isa = PBXContainerItemProxy;
			containerPortal = CB60203430485EC00016C4A6 /* Project object */;
			proxyType = 1;
			remoteGlobalIDString = CB60203B30485EC00016C4A6;
			remoteInfo = RecreateSpotify;
		};
		CB3921523051C7BE009A9247 /* PBXContainerItemProxy */ = {
			isa = PBXContainerItemProxy;
			containerPortal = CB60203430485EC00016C4A6 /* Project object */;
			proxyType = 1;
			remoteGlobalIDString = CB60203B30485EC00016C4A6;
			remoteInfo = RecreateSpotify;
		};
/* End PBXContainerItemProxy section */

/* Begin PBXFileReference section */
		CB39213F3051C74D009A9247 /* RecreateSpotifyUITests.xctest */ = {isa = PBXFileReference; explicitFileType = wrapper.cfbundle; includeInIndex = 0; path = RecreateSpotifyUITests.xctest; sourceTree = BUILT_PRODUCTS_DIR; };
		CB39214E3051C7BE009A9247 /* RecreateSpotifyUnitTests.xctest */ = {isa = PBXFileReference; explicitFileType = wrapper.cfbundle; includeInIndex = 0; path = RecreateSpotifyUnitTests.xctest; sourceTree = BUILT_PRODUCTS_DIR; };
		CB60203C30485EC00016C4A6 /* RecreateSpotify.app */ = {isa = PBXFileReference; explicitFileType = wrapper.application; includeInIndex = 0; path = RecreateSpotify.app; sourceTree = BUILT_PRODUCTS_DIR; };
		CB60207E304870C40016C4A6 /* Secrets.xcconfig */ = {isa = PBXFileReference; lastKnownFileType = text.xcconfig; path = Secrets.xcconfig; sourceTree = "<group>"; };
/* End PBXFileReference section */

/* Begin PBXFileSystemSynchronizedBuildFileExceptionSet section */
		CB60204E30485EC00016C4A6 /* Exceptions for "RecreateSpotify" folder in "RecreateSpotify" target */ = {
			isa = PBXFileSystemSynchronizedBuildFileExceptionSet;
			membershipExceptions = (
				AppCore/Info.plist,
			);
			target = CB60203B30485EC00016C4A6 /* RecreateSpotify */;
		};
/* End PBXFileSystemSynchronizedBuildFileExceptionSet section */

/* Begin PBXFileSystemSynchronizedRootGroup section */
		CB3921403051C74D009A9247 /* RecreateSpotifyUITests */ = {
			isa = PBXFileSystemSynchronizedRootGroup;
			path = RecreateSpotifyUITests;
			sourceTree = "<group>";
		};
		CB39214F3051C7BE009A9247 /* RecreateSpotifyUnitTests */ = {
			isa = PBXFileSystemSynchronizedRootGroup;
			path = RecreateSpotifyUnitTests;
			sourceTree = "<group>";
		};
		CB3D1CB13051B5C9005622D8 /* ci_scripts */ = {
			isa = PBXFileSystemSynchronizedRootGroup;
			path = ci_scripts;
			sourceTree = "<group>";
		};
		CB60203E30485EC00016C4A6 /* RecreateSpotify */ = {
			isa = PBXFileSystemSynchronizedRootGroup;
			exceptions = (
				CB60204E30485EC00016C4A6 /* Exceptions for "RecreateSpotify" folder in "RecreateSpotify" target */,
			);
			path = RecreateSpotify;
			sourceTree = "<group>";
		};
/* End PBXFileSystemSynchronizedRootGroup section */

/* Begin PBXFrameworksBuildPhase section */
		CB39213C3051C74D009A9247 /* Frameworks */ = {
			isa = PBXFrameworksBuildPhase;
			buildActionMask = 2147483647;
			files = (
			);
			runOnlyForDeploymentPostprocessing = 0;
		};
		CB39214B3051C7BE009A9247 /* Frameworks */ = {
			isa = PBXFrameworksBuildPhase;
			buildActionMask = 2147483647;
			files = (
			);
			runOnlyForDeploymentPostprocessing = 0;
		};
		CB60203930485EC00016C4A6 /* Frameworks */ = {
			isa = PBXFrameworksBuildPhase;
			buildActionMask = 2147483647;
			files = (
			);
			runOnlyForDeploymentPostprocessing = 0;
		};
/* End PBXFrameworksBuildPhase section */

/* Begin PBXGroup section */
		CB60203330485EC00016C4A6 = {
			isa = PBXGroup;
			children = (
				CB3D1CB13051B5C9005622D8 /* ci_scripts */,
				CB60207E304870C40016C4A6 /* Secrets.xcconfig */,
				CB60203E30485EC00016C4A6 /* RecreateSpotify */,
				CB3921403051C74D009A9247 /* RecreateSpotifyUITests */,
				CB39214F3051C7BE009A9247 /* RecreateSpotifyUnitTests */,
				CB60203D30485EC00016C4A6 /* Products */,
			);
			sourceTree = "<group>";
		};
		CB60203D30485EC00016C4A6 /* Products */ = {
			isa = PBXGroup;
			children = (
				CB60203C30485EC00016C4A6 /* RecreateSpotify.app */,
				CB39213F3051C74D009A9247 /* RecreateSpotifyUITests.xctest */,
				CB39214E3051C7BE009A9247 /* RecreateSpotifyUnitTests.xctest */,
			);
			name = Products;
			sourceTree = "<group>";
		};
/* End PBXGroup section */

/* Begin PBXNativeTarget section */
		CB39213E3051C74D009A9247 /* RecreateSpotifyUITests */ = {
			isa = PBXNativeTarget;
			buildConfigurationList = CB3921473051C74D009A9247 /* Build configuration list for PBXNativeTarget "RecreateSpotifyUITests" */;
			buildPhases = (
				CB39213B3051C74D009A9247 /* Sources */,
				CB39213C3051C74D009A9247 /* Frameworks */,
				CB39213D3051C74D009A9247 /* Resources */,
			);
			buildRules = (
			);
			dependencies = (
				CB3921463051C74D009A9247 /* PBXTargetDependency */,
			);
			fileSystemSynchronizedGroups = (
				CB3921403051C74D009A9247 /* RecreateSpotifyUITests */,
			);
			name = RecreateSpotifyUITests;
			packageProductDependencies = (
			);
			productName = RecreateSpotifyUITests;
			productReference = CB39213F3051C74D009A9247 /* RecreateSpotifyUITests.xctest */;
			productType = "com.apple.product-type.bundle.ui-testing";
		};
		CB39214D3051C7BE009A9247 /* RecreateSpotifyUnitTests */ = {
			isa = PBXNativeTarget;
			buildConfigurationList = CB3921543051C7BE009A9247 /* Build configuration list for PBXNativeTarget "RecreateSpotifyUnitTests" */;
			buildPhases = (
				CB39214A3051C7BE009A9247 /* Sources */,
				CB39214B3051C7BE009A9247 /* Frameworks */,
				CB39214C3051C7BE009A9247 /* Resources */,
			);
			buildRules = (
			);
			dependencies = (
				CB3921533051C7BE009A9247 /* PBXTargetDependency */,
			);
			fileSystemSynchronizedGroups = (
				CB39214F3051C7BE009A9247 /* RecreateSpotifyUnitTests */,
			);
			name = RecreateSpotifyUnitTests;
			packageProductDependencies = (
			);
			productName = RecreateSpotifyUnitTests;
			productReference = CB39214E3051C7BE009A9247 /* RecreateSpotifyUnitTests.xctest */;
			productType = "com.apple.product-type.bundle.unit-test";
		};
		CB60203B30485EC00016C4A6 /* RecreateSpotify */ = {
			isa = PBXNativeTarget;
			buildConfigurationList = CB60204F30485EC00016C4A6 /* Build configuration list for PBXNativeTarget "RecreateSpotify" */;
			buildPhases = (
				CB60203830485EC00016C4A6 /* Sources */,
				CB60203930485EC00016C4A6 /* Frameworks */,
				CB60203A30485EC00016C4A6 /* Resources */,
			);
			buildRules = (
			);
			dependencies = (
			);
			fileSystemSynchronizedGroups = (
				CB3D1CB13051B5C9005622D8 /* ci_scripts */,
				CB60203E30485EC00016C4A6 /* RecreateSpotify */,
			);
			name = RecreateSpotify;
			packageProductDependencies = (
			);
			productName = RecreateSpotify;
			productReference = CB60203C30485EC00016C4A6 /* RecreateSpotify.app */;
			productType = "com.apple.product-type.application";
		};
/* End PBXNativeTarget section */

/* Begin PBXProject section */
		CB60203430485EC00016C4A6 /* Project object */ = {
			isa = PBXProject;
			attributes = {
				BuildIndependentTargetsInParallel = 1;
				LastSwiftUpdateCheck = 2660;
				LastUpgradeCheck = 2660;
				TargetAttributes = {
					CB39213E3051C74D009A9247 = {
						CreatedOnToolsVersion = 26.6;
						TestTargetID = CB60203B30485EC00016C4A6;
					};
					CB39214D3051C7BE009A9247 = {
						CreatedOnToolsVersion = 26.6;
						TestTargetID = CB60203B30485EC00016C4A6;
					};
					CB60203B30485EC00016C4A6 = {
						CreatedOnToolsVersion = 26.6;
					};
				};
			};
			buildConfigurationList = CB60203730485EC00016C4A6 /* Build configuration list for PBXProject "RecreateSpotify" */;
			developmentRegion = en;
			hasScannedForEncodings = 0;
			knownRegions = (
				en,
				Base,
			);
			mainGroup = CB60203330485EC00016C4A6;
			minimizedProjectReferenceProxies = 1;
			preferredProjectObjectVersion = 77;
			productRefGroup = CB60203D30485EC00016C4A6 /* Products */;
			projectDirPath = "";
			projectRoot = "";
			targets = (
				CB60203B30485EC00016C4A6 /* RecreateSpotify */,
				CB39213E3051C74D009A9247 /* RecreateSpotifyUITests */,
				CB39214D3051C7BE009A9247 /* RecreateSpotifyUnitTests */,
			);
		};
/* End PBXProject section */

/* Begin PBXResourcesBuildPhase section */
		CB39213D3051C74D009A9247 /* Resources */ = {
			isa = PBXResourcesBuildPhase;
			buildActionMask = 2147483647;
			files = (
			);
			runOnlyForDeploymentPostprocessing = 0;
		};
		CB39214C3051C7BE009A9247 /* Resources */ = {
			isa = PBXResourcesBuildPhase;
			buildActionMask = 2147483647;
			files = (
			);
			runOnlyForDeploymentPostprocessing = 0;
		};
		CB60203A30485EC00016C4A6 /* Resources */ = {
			isa = PBXResourcesBuildPhase;
			buildActionMask = 2147483647;
			files = (
			);
			runOnlyForDeploymentPostprocessing = 0;
		};
/* End PBXResourcesBuildPhase section */

/* Begin PBXSourcesBuildPhase section */
		CB39213B3051C74D009A9247 /* Sources */ = {
			isa = PBXSourcesBuildPhase;
			buildActionMask = 2147483647;
			files = (
			);
			runOnlyForDeploymentPostprocessing = 0;
		};
		CB39214A3051C7BE009A9247 /* Sources */ = {
			isa = PBXSourcesBuildPhase;
			buildActionMask = 2147483647;
			files = (
			);
			runOnlyForDeploymentPostprocessing = 0;
		};
		CB60203830485EC00016C4A6 /* Sources */ = {
			isa = PBXSourcesBuildPhase;
			buildActionMask = 2147483647;
			files = (
			);
			runOnlyForDeploymentPostprocessing = 0;
		};
/* End PBXSourcesBuildPhase section */

/* Begin PBXTargetDependency section */
		CB3921463051C74D009A9247 /* PBXTargetDependency */ = {
			isa = PBXTargetDependency;
			target = CB60203B30485EC00016C4A6 /* RecreateSpotify */;
			targetProxy = CB3921453051C74D009A9247 /* PBXContainerItemProxy */;
		};
		CB3921533051C7BE009A9247 /* PBXTargetDependency */ = {
			isa = PBXTargetDependency;
			target = CB60203B30485EC00016C4A6 /* RecreateSpotify */;
			targetProxy = CB3921523051C7BE009A9247 /* PBXContainerItemProxy */;
		};
/* End PBXTargetDependency section */

/* Begin XCBuildConfiguration section */
		CB3921483051C74D009A9247 /* Debug */ = {
			isa = XCBuildConfiguration;
			buildSettings = {
				CODE_SIGN_STYLE = Automatic;
				CURRENT_PROJECT_VERSION = 1;
				DEVELOPMENT_TEAM = HKS2XN3KMY;
				GENERATE_INFOPLIST_FILE = YES;
				MARKETING_VERSION = 1.0;
				PRODUCT_BUNDLE_IDENTIFIER = george.RecreateSpotifyUITests;
				PRODUCT_NAME = "$(TARGET_NAME)";
				STRING_CATALOG_GENERATE_SYMBOLS = NO;
				SWIFT_APPROACHABLE_CONCURRENCY = YES;
				SWIFT_EMIT_LOC_STRINGS = NO;
				SWIFT_UPCOMING_FEATURE_MEMBER_IMPORT_VISIBILITY = YES;
				SWIFT_VERSION = 5.0;
				TARGETED_DEVICE_FAMILY = "1,2";
				TEST_TARGET_NAME = RecreateSpotify;
			};
			name = Debug;
		};
		CB3921493051C74D009A9247 /* Release */ = {
			isa = XCBuildConfiguration;
			buildSettings = {
				CODE_SIGN_STYLE = Automatic;
				CURRENT_PROJECT_VERSION = 1;
				DEVELOPMENT_TEAM = HKS2XN3KMY;
				GENERATE_INFOPLIST_FILE = YES;
				MARKETING_VERSION = 1.0;
				PRODUCT_BUNDLE_IDENTIFIER = george.RecreateSpotifyUITests;
				PRODUCT_NAME = "$(TARGET_NAME)";
				STRING_CATALOG_GENERATE_SYMBOLS = NO;
				SWIFT_APPROACHABLE_CONCURRENCY = YES;
				SWIFT_EMIT_LOC_STRINGS = NO;
				SWIFT_UPCOMING_FEATURE_MEMBER_IMPORT_VISIBILITY = YES;
				SWIFT_VERSION = 5.0;
				TARGETED_DEVICE_FAMILY = "1,2";
				TEST_TARGET_NAME = RecreateSpotify;
			};
			name = Release;
		};
		CB3921553051C7BE009A9247 /* Debug */ = {
			isa = XCBuildConfiguration;
			buildSettings = {
				BUNDLE_LOADER = "$(TEST_HOST)";
				CODE_SIGN_STYLE = Automatic;
				CURRENT_PROJECT_VERSION = 1;
				DEVELOPMENT_TEAM = HKS2XN3KMY;
				GENERATE_INFOPLIST_FILE = YES;
				MARKETING_VERSION = 1.0;
				PRODUCT_BUNDLE_IDENTIFIER = george.RecreateSpotifyUnitTests;
				PRODUCT_NAME = "$(TARGET_NAME)";
				STRING_CATALOG_GENERATE_SYMBOLS = NO;
				SWIFT_APPROACHABLE_CONCURRENCY = YES;
				SWIFT_EMIT_LOC_STRINGS = NO;
				SWIFT_UPCOMING_FEATURE_MEMBER_IMPORT_VISIBILITY = YES;
				SWIFT_VERSION = 5.0;
				TARGETED_DEVICE_FAMILY = "1,2";
				TEST_HOST = "$(BUILT_PRODUCTS_DIR)/RecreateSpotify.app/$(BUNDLE_EXECUTABLE_FOLDER_PATH)/RecreateSpotify";
			};
			name = Debug;
		};
		CB3921563051C7BE009A9247 /* Release */ = {
			isa = XCBuildConfiguration;
			buildSettings = {
				BUNDLE_LOADER = "$(TEST_HOST)";
				CODE_SIGN_STYLE = Automatic;
				CURRENT_PROJECT_VERSION = 1;
				DEVELOPMENT_TEAM = HKS2XN3KMY;
				GENERATE_INFOPLIST_FILE = YES;
				MARKETING_VERSION = 1.0;
				PRODUCT_BUNDLE_IDENTIFIER = george.RecreateSpotifyUnitTests;
				PRODUCT_NAME = "$(TARGET_NAME)";
				STRING_CATALOG_GENERATE_SYMBOLS = NO;
				SWIFT_APPROACHABLE_CONCURRENCY = YES;
				SWIFT_EMIT_LOC_STRINGS = NO;
				SWIFT_UPCOMING_FEATURE_MEMBER_IMPORT_VISIBILITY = YES;
				SWIFT_VERSION = 5.0;
				TARGETED_DEVICE_FAMILY = "1,2";
				TEST_HOST = "$(BUILT_PRODUCTS_DIR)/RecreateSpotify.app/$(BUNDLE_EXECUTABLE_FOLDER_PATH)/RecreateSpotify";
			};
			name = Release;
		};
		CB60205030485EC00016C4A6 /* Debug */ = {
			isa = XCBuildConfiguration;
			baseConfigurationReference = CB60207E304870C40016C4A6 /* Secrets.xcconfig */;
			buildSettings = {
				ASSETCATALOG_COMPILER_APPICON_NAME = AppIcon;
				ASSETCATALOG_COMPILER_GLOBAL_ACCENT_COLOR_NAME = AccentColor;
				CODE_SIGN_STYLE = Automatic;
				CURRENT_PROJECT_VERSION = 1;
				DEVELOPMENT_TEAM = HKS2XN3KMY;
				GENERATE_INFOPLIST_FILE = YES;
				INFOPLIST_FILE = RecreateSpotify/AppCore/Info.plist;
				INFOPLIST_KEY_UIApplicationSupportsIndirectInputEvents = YES;
				INFOPLIST_KEY_UILaunchStoryboardName = LaunchScreen;
				INFOPLIST_KEY_UISupportedInterfaceOrientations_iPad = "UIInterfaceOrientationPortrait UIInterfaceOrientationPortraitUpsideDown UIInterfaceOrientationLandscapeLeft UIInterfaceOrientationLandscapeRight";
				INFOPLIST_KEY_UISupportedInterfaceOrientations_iPhone = "UIInterfaceOrientationPortrait UIInterfaceOrientationLandscapeLeft UIInterfaceOrientationLandscapeRight";
				IPHONEOS_DEPLOYMENT_TARGET = 12.0;
				LD_RUNPATH_SEARCH_PATHS = (
					"$(inherited)",
					"@executable_path/Frameworks",
				);
				MARKETING_VERSION = 1.0;
				PRODUCT_BUNDLE_IDENTIFIER = george.RecreateSpotify;
				PRODUCT_NAME = "$(TARGET_NAME)";
				STRING_CATALOG_GENERATE_SYMBOLS = YES;
				SUPPORTED_PLATFORMS = "iphoneos iphonesimulator";
				SUPPORTS_MACCATALYST = NO;
				SUPPORTS_MAC_DESIGNED_FOR_IPHONE_IPAD = NO;
				SUPPORTS_XR_DESIGNED_FOR_IPHONE_IPAD = NO;
				SWIFT_APPROACHABLE_CONCURRENCY = YES;
				SWIFT_DEFAULT_ACTOR_ISOLATION = MainActor;
				SWIFT_EMIT_LOC_STRINGS = YES;
				SWIFT_UPCOMING_FEATURE_MEMBER_IMPORT_VISIBILITY = YES;
				SWIFT_VERSION = 5.0;
				TARGETED_DEVICE_FAMILY = 1;
			};
			name = Debug;
		};
		CB60205130485EC00016C4A6 /* Release */ = {
			isa = XCBuildConfiguration;
			baseConfigurationReference = CB60207E304870C40016C4A6 /* Secrets.xcconfig */;
			buildSettings = {
				ASSETCATALOG_COMPILER_APPICON_NAME = AppIcon;
				ASSETCATALOG_COMPILER_GLOBAL_ACCENT_COLOR_NAME = AccentColor;
				CODE_SIGN_STYLE = Automatic;
				CURRENT_PROJECT_VERSION = 1;
				DEVELOPMENT_TEAM = HKS2XN3KMY;
				GENERATE_INFOPLIST_FILE = YES;
				INFOPLIST_FILE = RecreateSpotify/AppCore/Info.plist;
				INFOPLIST_KEY_UIApplicationSupportsIndirectInputEvents = YES;
				INFOPLIST_KEY_UILaunchStoryboardName = LaunchScreen;
				INFOPLIST_KEY_UISupportedInterfaceOrientations_iPad = "UIInterfaceOrientationPortrait UIInterfaceOrientationPortraitUpsideDown UIInterfaceOrientationLandscapeLeft UIInterfaceOrientationLandscapeRight";
				INFOPLIST_KEY_UISupportedInterfaceOrientations_iPhone = "UIInterfaceOrientationPortrait UIInterfaceOrientationLandscapeLeft UIInterfaceOrientationLandscapeRight";
				IPHONEOS_DEPLOYMENT_TARGET = 12.0;
				LD_RUNPATH_SEARCH_PATHS = (
					"$(inherited)",
					"@executable_path/Frameworks",
				);
				MARKETING_VERSION = 1.0;
				PRODUCT_BUNDLE_IDENTIFIER = george.RecreateSpotify;
				PRODUCT_NAME = "$(TARGET_NAME)";
				STRING_CATALOG_GENERATE_SYMBOLS = YES;
				SUPPORTED_PLATFORMS = "iphoneos iphonesimulator";
				SUPPORTS_MACCATALYST = NO;
				SUPPORTS_MAC_DESIGNED_FOR_IPHONE_IPAD = NO;
				SUPPORTS_XR_DESIGNED_FOR_IPHONE_IPAD = NO;
				SWIFT_APPROACHABLE_CONCURRENCY = YES;
				SWIFT_DEFAULT_ACTOR_ISOLATION = MainActor;
				SWIFT_EMIT_LOC_STRINGS = YES;
				SWIFT_UPCOMING_FEATURE_MEMBER_IMPORT_VISIBILITY = YES;
				SWIFT_VERSION = 5.0;
				TARGETED_DEVICE_FAMILY = 1;
			};
			name = Release;
		};
		CB60205230485EC00016C4A6 /* Debug */ = {
			isa = XCBuildConfiguration;
			baseConfigurationReference = CB60207E304870C40016C4A6 /* Secrets.xcconfig */;
			buildSettings = {
				ALWAYS_SEARCH_USER_PATHS = NO;
				ASSETCATALOG_COMPILER_GENERATE_SWIFT_ASSET_SYMBOL_EXTENSIONS = YES;
				CLANG_ANALYZER_NONNULL = YES;
				CLANG_ANALYZER_NUMBER_OBJECT_CONVERSION = YES_AGGRESSIVE;
				CLANG_CXX_LANGUAGE_STANDARD = "gnu++20";
				CLANG_ENABLE_MODULES = YES;
				CLANG_ENABLE_OBJC_ARC = YES;
				CLANG_ENABLE_OBJC_WEAK = YES;
				CLANG_WARN_BLOCK_CAPTURE_AUTORELEASING = YES;
				CLANG_WARN_BOOL_CONVERSION = YES;
				CLANG_WARN_COMMA = YES;
				CLANG_WARN_CONSTANT_CONVERSION = YES;
				CLANG_WARN_DEPRECATED_OBJC_IMPLEMENTATIONS = YES;
				CLANG_WARN_DIRECT_OBJC_ISA_USAGE = YES_ERROR;
				CLANG_WARN_DOCUMENTATION_COMMENTS = YES;
				CLANG_WARN_EMPTY_BODY = YES;
				CLANG_WARN_ENUM_CONVERSION = YES;
				CLANG_WARN_INFINITE_RECURSION = YES;
				CLANG_WARN_INT_CONVERSION = YES;
				CLANG_WARN_NON_LITERAL_NULL_CONVERSION = YES;
				CLANG_WARN_OBJC_IMPLICIT_RETAIN_SELF = YES;
				CLANG_WARN_OBJC_LITERAL_CONVERSION = YES;
				CLANG_WARN_OBJC_ROOT_CLASS = YES_ERROR;
				CLANG_WARN_QUOTED_INCLUDE_IN_FRAMEWORK_HEADER = YES;
				CLANG_WARN_RANGE_LOOP_ANALYSIS = YES;
				CLANG_WARN_STRICT_PROTOTYPES = YES;
				CLANG_WARN_SUSPICIOUS_MOVE = YES;
				CLANG_WARN_UNGUARDED_AVAILABILITY = YES_AGGRESSIVE;
				CLANG_WARN_UNREACHABLE_CODE = YES;
				CLANG_WARN__DUPLICATE_METHOD_MATCH = YES;
				COPY_PHASE_STRIP = NO;
				DEBUG_INFORMATION_FORMAT = dwarf;
				DEVELOPMENT_TEAM = HKS2XN3KMY;
				ENABLE_STRICT_OBJC_MSGSEND = YES;
				ENABLE_TESTABILITY = YES;
				ENABLE_USER_SCRIPT_SANDBOXING = YES;
				GCC_C_LANGUAGE_STANDARD = gnu17;
				GCC_DYNAMIC_NO_PIC = NO;
				GCC_NO_COMMON_BLOCKS = YES;
				GCC_OPTIMIZATION_LEVEL = 0;
				GCC_PREPROCESSOR_DEFINITIONS = (
					"DEBUG=1",
					"$(inherited)",
				);
				GCC_WARN_64_TO_32_BIT_CONVERSION = YES;
				GCC_WARN_ABOUT_RETURN_TYPE = YES_ERROR;
				GCC_WARN_UNDECLARED_SELECTOR = YES;
				GCC_WARN_UNINITIALIZED_AUTOS = YES_AGGRESSIVE;
				GCC_WARN_UNUSED_FUNCTION = YES;
				GCC_WARN_UNUSED_VARIABLE = YES;
				IPHONEOS_DEPLOYMENT_TARGET = 26.5;
				LOCALIZATION_PREFERS_STRING_CATALOGS = YES;
				MTL_ENABLE_DEBUG_INFO = INCLUDE_SOURCE;
				MTL_FAST_MATH = YES;
				ONLY_ACTIVE_ARCH = YES;
				SDKROOT = iphoneos;
				SWIFT_ACTIVE_COMPILATION_CONDITIONS = "DEBUG $(inherited)";
				SWIFT_OPTIMIZATION_LEVEL = "-Onone";
			};
			name = Debug;
		};
		CB60205330485EC00016C4A6 /* Release */ = {
			isa = XCBuildConfiguration;
			baseConfigurationReference = CB60207E304870C40016C4A6 /* Secrets.xcconfig */;
			buildSettings = {
				ALWAYS_SEARCH_USER_PATHS = NO;
				ASSETCATALOG_COMPILER_GENERATE_SWIFT_ASSET_SYMBOL_EXTENSIONS = YES;
				CLANG_ANALYZER_NONNULL = YES;
				CLANG_ANALYZER_NUMBER_OBJECT_CONVERSION = YES_AGGRESSIVE;
				CLANG_CXX_LANGUAGE_STANDARD = "gnu++20";
				CLANG_ENABLE_MODULES = YES;
				CLANG_ENABLE_OBJC_ARC = YES;
				CLANG_ENABLE_OBJC_WEAK = YES;
				CLANG_WARN_BLOCK_CAPTURE_AUTORELEASING = YES;
				CLANG_WARN_BOOL_CONVERSION = YES;
				CLANG_WARN_COMMA = YES;
				CLANG_WARN_CONSTANT_CONVERSION = YES;
				CLANG_WARN_DEPRECATED_OBJC_IMPLEMENTATIONS = YES;
				CLANG_WARN_DIRECT_OBJC_ISA_USAGE = YES_ERROR;
				CLANG_WARN_DOCUMENTATION_COMMENTS = YES;
				CLANG_WARN_EMPTY_BODY = YES;
				CLANG_WARN_ENUM_CONVERSION = YES;
				CLANG_WARN_INFINITE_RECURSION = YES;
				CLANG_WARN_INT_CONVERSION = YES;
				CLANG_WARN_NON_LITERAL_NULL_CONVERSION = YES;
				CLANG_WARN_OBJC_IMPLICIT_RETAIN_SELF = YES;
				CLANG_WARN_OBJC_LITERAL_CONVERSION = YES;
				CLANG_WARN_OBJC_ROOT_CLASS = YES_ERROR;
				CLANG_WARN_QUOTED_INCLUDE_IN_FRAMEWORK_HEADER = YES;
				CLANG_WARN_RANGE_LOOP_ANALYSIS = YES;
				CLANG_WARN_STRICT_PROTOTYPES = YES;
				CLANG_WARN_SUSPICIOUS_MOVE = YES;
				CLANG_WARN_UNGUARDED_AVAILABILITY = YES_AGGRESSIVE;
				CLANG_WARN_UNREACHABLE_CODE = YES;
				CLANG_WARN__DUPLICATE_METHOD_MATCH = YES;
				COPY_PHASE_STRIP = NO;
				DEBUG_INFORMATION_FORMAT = "dwarf-with-dsym";
				DEVELOPMENT_TEAM = HKS2XN3KMY;
				ENABLE_NS_ASSERTIONS = NO;
				ENABLE_STRICT_OBJC_MSGSEND = YES;
				ENABLE_USER_SCRIPT_SANDBOXING = YES;
				GCC_C_LANGUAGE_STANDARD = gnu17;
				GCC_NO_COMMON_BLOCKS = YES;
				GCC_WARN_64_TO_32_BIT_CONVERSION = YES;
				GCC_WARN_ABOUT_RETURN_TYPE = YES_ERROR;
				GCC_WARN_UNDECLARED_SELECTOR = YES;
				GCC_WARN_UNINITIALIZED_AUTOS = YES_AGGRESSIVE;
				GCC_WARN_UNUSED_FUNCTION = YES;
				GCC_WARN_UNUSED_VARIABLE = YES;
				IPHONEOS_DEPLOYMENT_TARGET = 26.5;
				LOCALIZATION_PREFERS_STRING_CATALOGS = YES;
				MTL_ENABLE_DEBUG_INFO = NO;
				MTL_FAST_MATH = YES;
				SDKROOT = iphoneos;
				SWIFT_COMPILATION_MODE = wholemodule;
				VALIDATE_PRODUCT = YES;
			};
			name = Release;
		};
/* End XCBuildConfiguration section */

/* Begin XCConfigurationList section */
		CB3921473051C74D009A9247 /* Build configuration list for PBXNativeTarget "RecreateSpotifyUITests" */ = {
			isa = XCConfigurationList;
			buildConfigurations = (
				CB3921483051C74D009A9247 /* Debug */,
				CB3921493051C74D009A9247 /* Release */,
			);
			defaultConfigurationIsVisible = 0;
			defaultConfigurationName = Release;
		};
		CB3921543051C7BE009A9247 /* Build configuration list for PBXNativeTarget "RecreateSpotifyUnitTests" */ = {
			isa = XCConfigurationList;
			buildConfigurations = (
				CB3921553051C7BE009A9247 /* Debug */,
				CB3921563051C7BE009A9247 /* Release */,
			);
			defaultConfigurationIsVisible = 0;
			defaultConfigurationName = Release;
		};
		CB60203730485EC00016C4A6 /* Build configuration list for PBXProject "RecreateSpotify" */ = {
			isa = XCConfigurationList;
			buildConfigurations = (
				CB60205230485EC00016C4A6 /* Debug */,
				CB60205330485EC00016C4A6 /* Release */,
			);
			defaultConfigurationIsVisible = 0;
			defaultConfigurationName = Release;
		};
		CB60204F30485EC00016C4A6 /* Build configuration list for PBXNativeTarget "RecreateSpotify" */ = {
			isa = XCConfigurationList;
			buildConfigurations = (
				CB60205030485EC00016C4A6 /* Debug */,
				CB60205130485EC00016C4A6 /* Release */,
			);
			defaultConfigurationIsVisible = 0;
			defaultConfigurationName = Release;
		};
/* End XCConfigurationList section */
	};
	rootObject = CB60203430485EC00016C4A6 /* Project object */;
}
